
Microsoft Visual Studio Solution File, Format Version 12.00
Project("{FAE04EC0-301F-11D3-BF4B-00C04F79EFBC}") = "SplitStrings", "SplitStrings\SplitStrings.csproj", "{460DA2A6-0A6C-4307-B08B-4411AD4E1630}"
EndProject
Project("{FAE04EC0-301F-11D3-BF4B-00C04F79EFBC}") = "StopSpinning", "StopSpinning\StopSpinning.csproj", "{7B9A33BB-9BA7-4CFD-A95B-5422C9E290CC}"
EndProject
Project("{FAE04EC0-301F-11D3-BF4B-00C04F79EFBC}") = "Squares", "Squares\Squares.csproj", "{6594F8FA-EC65-489E-B4FF-53EB6DD4979E}"
EndProject
Project("{FAE04EC0-301F-11D3-BF4B-00C04F79EFBC}") = "BreakCamelCase", "BreakCamelCase\BreakCamelCase.csproj", "{CF7409FA-97F8-4758-9D38-4BA147AA477F}"
EndProject
Project("{FAE04EC0-301F-11D3-BF4B-00C04F79EFBC}") = "ArrayDiff", "ArrayDiff\ArrayDiff.csproj", "{66FF9F6F-F1BF-4D5C-B659-9583333D2310}"
EndProject
Global
	GlobalSection(SolutionConfigurationPlatforms) = preSolution
		Debug|Any CPU = Debug|Any CPU
		Release|Any CPU = Release|Any CPU
	EndGlobalSection
	GlobalSection(ProjectConfigurationPlatforms) = postSolution
		{460DA2A6-0A6C-4307-B08B-4411AD4E1630}.Debug|Any CPU.ActiveCfg = Debug|Any CPU
		{460DA2A6-0A6C-4307-B08B-4411AD4E1630}.Debug|Any CPU.Build.0 = Debug|Any CPU
		{460DA2A6-0A6C-4307-B08B-4411AD4E1630}.Release|Any CPU.ActiveCfg = Release|Any CPU
		{460DA2A6-0A6C-4307-B08B-4411AD4E1630}.Release|Any CPU.Build.0 = Release|Any CPU
		{7B9A33BB-9BA7-4CFD-A95B-5422C9E290CC}.Debug|Any CPU.ActiveCfg = Debug|Any CPU
		{7B9A33BB-9BA7-4CFD-A95B-5422C9E290CC}.Debug|Any CPU.Build.0 = Debug|Any CPU
		{7B9A33BB-9BA7-4CFD-A95B-5422C9E290CC}.Release|Any CPU.ActiveCfg = Release|Any CPU
		{7B9A33BB-9BA7-4CFD-A95B-5422C9E290CC}.Release|Any CPU.Build.0 = Release|Any CPU
		{6594F8FA-EC65-489E-B4FF-53EB6DD4979E}.Debug|Any CPU.ActiveCfg = Debug|Any CPU
		{6594F8FA-EC65-489E-B4FF-53EB6DD4979E}.Debug|Any CPU.Build.0 = Debug|Any CPU
		{6594F8FA-EC65-489E-B4FF-53EB6DD4979E}.Release|Any CPU.ActiveCfg = Release|Any CPU
		{6594F8FA-EC65-489E-B4FF-53EB6DD4979E}.Release|Any CPU.Build.0 = Release|Any CPU
		{CF7409FA-97F8-4758-9D38-4BA147AA477F}.Debug|Any CPU.ActiveCfg = Debug|Any CPU
		{CF7409FA-97F8-4758-9D38-4BA147AA477F}.Debug|Any CPU.Build.0 = Debug|Any CPU
		{CF7409FA-97F8-4758-9D38-4BA147AA477F}.Release|Any CPU.ActiveCfg = Release|Any CPU
		{CF7409FA-97F8-4758-9D38-4BA147AA477F}.Release|Any CPU.Build.0 = Release|Any CPU
		{66FF9F6F-F1BF-4D5C-B659-9583333D2310}.Debug|Any CPU.ActiveCfg = Debug|Any CPU
		{66FF9F6F-F1BF-4D5C-B659-9583333D2310}.Debug|Any CPU.Build.0 = Debug|Any CPU
		{66FF9F6F-F1BF-4D5C-B659-9583333D2310}.Release|Any CPU.ActiveCfg = Release|Any CPU
		{66FF9F6F-F1BF-4D5C-B659-9583333D2310}.Release|Any CPU.Build.0 = Release|Any CPU
	EndGlobalSection
EndGlobal
